Microsoft Visual Studio Solution File, Format Version 12.00
# Visual Studio Version 17
VisualStudioVersion = 17.5.2.0
MinimumVisualStudioVersion = 10.0.40219.1
Project("{FAE04EC0-301F-11D3-BF4B-00C04F79EFBC}") = "GraphCalc", "GraphCalc\GraphCalc.csproj", "{72BECBCD-6BE4-9793-0554-9692290778DB}"
EndProject
Global
	GlobalSection(SolutionConfigurationPlatforms) = preSolution
		Debug|Any CPU = Debug|Any CPU
		Release|Any CPU = Release|Any CPU
	EndGlobalSection
	GlobalSection(ProjectConfigurationPlatforms) = postSolution
		{72BECBCD-6BE4-9793-0554-9692290778DB}.Debug|Any CPU.ActiveCfg = Debug|Any CPU
		{72BECBCD-6BE4-9793-0554-9692290778DB}.Debug|Any CPU.Build.0 = Debug|Any CPU
		{72BECBCD-6BE4-9793-0554-9692290778DB}.Release|Any CPU.ActiveCfg = Release|Any CPU
		{72BECBCD-6BE4-9793-0554-9692290778DB}.Release|Any CPU.Build.0 = Release|Any CPU
	EndGlobalSection
	GlobalSection(SolutionProperties) = preSolution
		HideSolutionNode = FALSE
	EndGlobalSection
	GlobalSection(ExtensibilityGlobals) = postSolution
		SolutionGuid = {B053413D-0A55-4BEE-BA2A-E97DA4B833C3}
	EndGlobalSection
EndGlobal
