Microsoft Visual Studio Solution File, Format Version 12.00
# Visual Studio Version 17
VisualStudioVersion = 17.5.2.0
MinimumVisualStudioVersion = 10.0.40219.1
Project("{FAE04EC0-301F-11D3-BF4B-00C04F79EFBC}") = "CalcApp", "CalcApp.csproj", "{D15542C7-C16E-DF3D-3CB6-407B8E93D2C5}"
EndProject
Global
	GlobalSection(SolutionConfigurationPlatforms) = preSolution
		Debug|Any CPU = Debug|Any CPU
		Release|Any CPU = Release|Any CPU
	EndGlobalSection
	GlobalSection(ProjectConfigurationPlatforms) = postSolution
		{D15542C7-C16E-DF3D-3CB6-407B8E93D2C5}.Debug|Any CPU.ActiveCfg = Debug|Any CPU
		{D15542C7-C16E-DF3D-3CB6-407B8E93D2C5}.Debug|Any CPU.Build.0 = Debug|Any CPU
		{D15542C7-C16E-DF3D-3CB6-407B8E93D2C5}.Release|Any CPU.ActiveCfg = Release|Any CPU
		{D15542C7-C16E-DF3D-3CB6-407B8E93D2C5}.Release|Any CPU.Build.0 = Release|Any CPU
	EndGlobalSection
	GlobalSection(SolutionProperties) = preSolution
		HideSolutionNode = FALSE
	EndGlobalSection
	GlobalSection(ExtensibilityGlobals) = postSolution
		SolutionGuid = {AF0DD895-C520-472E-9AFE-5F0DFFDC7D93}
	EndGlobalSection
EndGlobal
